# This file was autogenerated by Stack.
# You should not edit this file by hand.
# For more information, please see the documentation at:
#   https://docs.haskellstack.org/en/stable/lock_files

packages:
- completed:
    name: refined
    version: 0.6.3
    git: https://github.com/raehik/refined
    pantry-tree:
      size: 779
      sha256: e94ab54a4e3921585ab7f339e185bd0be82f8f1e75fb2288067c92d925f7322f
    commit: b283c73689b6ca937d8795582c8b232f4cb8ba70
  original:
    git: https://github.com/raehik/refined
    commit: b283c73689b6ca937d8795582c8b232f4cb8ba70
snapshots:
- completed:
    size: 539378
    url: https://raw.githubusercontent.com/commercialhaskell/stackage-snapshots/master/nightly/2022/3/30.yaml
    sha256: 745431a4c5b78cc93d81e99b2253a1e0eacd4f94e00cf17dab7cc14e665332e3
  original: nightly-2022-03-30
